
Microsoft Visual Studio Solution File, Format Version 12.00
# Visual Studio Version 16
VisualStudioVersion = 16.0.30804.86
MinimumVisualStudioVersion = 10.0.40219.1
Project("{9A19103F-16F7-4668-BE54-9A1E7A4F7556}") = "gestionecentralino", "gestionecentralino\gestionecentralino.csproj", "{60E002C4-5BDE-44E6-A95F-5CDCBDAE39E4}"
EndProject
Project("{9A19103F-16F7-4668-BE54-9A1E7A4F7556}") = "gestionecentralino.Tests", "gestionecentralino.Tests\gestionecentralino.Tests.csproj", "{0EDD1873-BA05-4523-BCCB-05D0D6ADF3B5}"
EndProject
Project("{9A19103F-16F7-4668-BE54-9A1E7A4F7556}") = "gestionecentralino.MockServer", "gestionecentralino.MockServer\gestionecentralino.MockServer.csproj", "{E46F7328-6785-4A0F-B7D9-54C188CB5762}"
EndProject
Project("{9A19103F-16F7-4668-BE54-9A1E7A4F7556}") = "mockserver", "mockserver\mockserver.csproj", "{E29DB952-A525-4AD2-8E73-C9CAA014F1A8}"
EndProject
Project("{2150E333-8FDC-42A3-9474-1A3956D46DE8}") = "Solution Items", "Solution Items", "{DCCAC3D6-1FD1-404C-BC7E-F1A1224B113A}"
	ProjectSection(SolutionItems) = preProject
		SolutionInfo.cs = SolutionInfo.cs
	EndProjectSection
EndProject
Global
	GlobalSection(SolutionConfigurationPlatforms) = preSolution
		Debug|Any CPU = Debug|Any CPU
		Debug|x86 = Debug|x86
		Release|Any CPU = Release|Any CPU
		Release|x86 = Release|x86
	EndGlobalSection
	GlobalSection(ProjectConfigurationPlatforms) = postSolution
		{60E002C4-5BDE-44E6-A95F-5CDCBDAE39E4}.Debug|Any CPU.ActiveCfg = Debug|Any CPU
		{60E002C4-5BDE-44E6-A95F-5CDCBDAE39E4}.Debug|Any CPU.Build.0 = Debug|Any CPU
		{60E002C4-5BDE-44E6-A95F-5CDCBDAE39E4}.Debug|x86.ActiveCfg = Debug|x86
		{60E002C4-5BDE-44E6-A95F-5CDCBDAE39E4}.Debug|x86.Build.0 = Debug|x86
		{60E002C4-5BDE-44E6-A95F-5CDCBDAE39E4}.Release|Any CPU.ActiveCfg = Release|Any CPU
		{60E002C4-5BDE-44E6-A95F-5CDCBDAE39E4}.Release|Any CPU.Build.0 = Release|Any CPU
		{60E002C4-5BDE-44E6-A95F-5CDCBDAE39E4}.Release|x86.ActiveCfg = Release|x86
		{60E002C4-5BDE-44E6-A95F-5CDCBDAE39E4}.Release|x86.Build.0 = Release|x86
		{0EDD1873-BA05-4523-BCCB-05D0D6ADF3B5}.Debug|Any CPU.ActiveCfg = Debug|Any CPU
		{0EDD1873-BA05-4523-BCCB-05D0D6ADF3B5}.Debug|Any CPU.Build.0 = Debug|Any CPU
		{0EDD1873-BA05-4523-BCCB-05D0D6ADF3B5}.Debug|x86.ActiveCfg = Debug|x86
		{0EDD1873-BA05-4523-BCCB-05D0D6ADF3B5}.Debug|x86.Build.0 = Debug|x86
		{0EDD1873-BA05-4523-BCCB-05D0D6ADF3B5}.Release|Any CPU.ActiveCfg = Release|Any CPU
		{0EDD1873-BA05-4523-BCCB-05D0D6ADF3B5}.Release|Any CPU.Build.0 = Release|Any CPU
		{0EDD1873-BA05-4523-BCCB-05D0D6ADF3B5}.Release|x86.ActiveCfg = Release|x86
		{0EDD1873-BA05-4523-BCCB-05D0D6ADF3B5}.Release|x86.Build.0 = Release|x86
		{E46F7328-6785-4A0F-B7D9-54C188CB5762}.Debug|Any CPU.ActiveCfg = Debug|Any CPU
		{E46F7328-6785-4A0F-B7D9-54C188CB5762}.Debug|Any CPU.Build.0 = Debug|Any CPU
		{E46F7328-6785-4A0F-B7D9-54C188CB5762}.Debug|x86.ActiveCfg = Debug|x86
		{E46F7328-6785-4A0F-B7D9-54C188CB5762}.Debug|x86.Build.0 = Debug|x86
		{E46F7328-6785-4A0F-B7D9-54C188CB5762}.Release|Any CPU.ActiveCfg = Release|Any CPU
		{E46F7328-6785-4A0F-B7D9-54C188CB5762}.Release|Any CPU.Build.0 = Release|Any CPU
		{E46F7328-6785-4A0F-B7D9-54C188CB5762}.Release|x86.ActiveCfg = Release|Any CPU
		{E46F7328-6785-4A0F-B7D9-54C188CB5762}.Release|x86.Build.0 = Release|Any CPU
		{E29DB952-A525-4AD2-8E73-C9CAA014F1A8}.Debug|Any CPU.ActiveCfg = Debug|Any CPU
		{E29DB952-A525-4AD2-8E73-C9CAA014F1A8}.Debug|Any CPU.Build.0 = Debug|Any CPU
		{E29DB952-A525-4AD2-8E73-C9CAA014F1A8}.Debug|x86.ActiveCfg = Debug|x86
		{E29DB952-A525-4AD2-8E73-C9CAA014F1A8}.Debug|x86.Build.0 = Debug|x86
		{E29DB952-A525-4AD2-8E73-C9CAA014F1A8}.Release|Any CPU.ActiveCfg = Release|Any CPU
		{E29DB952-A525-4AD2-8E73-C9CAA014F1A8}.Release|Any CPU.Build.0 = Release|Any CPU
		{E29DB952-A525-4AD2-8E73-C9CAA014F1A8}.Release|x86.ActiveCfg = Release|Any CPU
		{E29DB952-A525-4AD2-8E73-C9CAA014F1A8}.Release|x86.Build.0 = Release|Any CPU
	EndGlobalSection
	GlobalSection(SolutionProperties) = preSolution
		HideSolutionNode = FALSE
	EndGlobalSection
	GlobalSection(ExtensibilityGlobals) = postSolution
		SolutionGuid = {90667E44-78A3-4C83-8D65-9019383823F8}
	EndGlobalSection
EndGlobal
