
Microsoft Visual Studio Solution File, Format Version 12.00
# Visual Studio Version 16
VisualStudioVersion = 16.0.30804.86
MinimumVisualStudioVersion = 10.0.40219.1
Project("{FAE04EC0-301F-11D3-BF4B-00C04F79EFBC}") = "gestionecentralino", "gestionecentralino\gestionecentralino.csproj", "{60E002C4-5BDE-44E6-A95F-5CDCBDAE39E4}"
EndProject
Project("{FAE04EC0-301F-11D3-BF4B-00C04F79EFBC}") = "gestionecentralino.Tests", "gestionecentralino.Tests\gestionecentralino.Tests.csproj", "{0EDD1873-BA05-4523-BCCB-05D0D6ADF3B5}"
EndProject
Global
	GlobalSection(SolutionConfigurationPlatforms) = preSolution
		Debug|Any CPU = Debug|Any CPU
		Release|Any CPU = Release|Any CPU
	EndGlobalSection
	GlobalSection(ProjectConfigurationPlatforms) = postSolution
		{60E002C4-5BDE-44E6-A95F-5CDCBDAE39E4}.Debug|Any CPU.ActiveCfg = Debug|Any CPU
		{60E002C4-5BDE-44E6-A95F-5CDCBDAE39E4}.Debug|Any CPU.Build.0 = Debug|Any CPU
		{60E002C4-5BDE-44E6-A95F-5CDCBDAE39E4}.Release|Any CPU.ActiveCfg = Release|Any CPU
		{60E002C4-5BDE-44E6-A95F-5CDCBDAE39E4}.Release|Any CPU.Build.0 = Release|Any CPU
		{0EDD1873-BA05-4523-BCCB-05D0D6ADF3B5}.Debug|Any CPU.ActiveCfg = Debug|Any CPU
		{0EDD1873-BA05-4523-BCCB-05D0D6ADF3B5}.Debug|Any CPU.Build.0 = Debug|Any CPU
		{0EDD1873-BA05-4523-BCCB-05D0D6ADF3B5}.Release|Any CPU.ActiveCfg = Release|Any CPU
		{0EDD1873-BA05-4523-BCCB-05D0D6ADF3B5}.Release|Any CPU.Build.0 = Release|Any CPU
	EndGlobalSection
	GlobalSection(SolutionProperties) = preSolution
		HideSolutionNode = FALSE
	EndGlobalSection
	GlobalSection(ExtensibilityGlobals) = postSolution
		SolutionGuid = {90667E44-78A3-4C83-8D65-9019383823F8}
	EndGlobalSection
EndGlobal
